
Microsoft Visual Studio Solution File, Format Version 12.00
# Visual Studio 15
VisualStudioVersion = 15.0.28307.329
MinimumVisualStudioVersion = 10.0.40219.1
Project("{8BC9CEB8-8B4A-11D0-8D11-00A0C91BC942}") = "Week-1", "Week-1\Week-1.vcxproj", "{2E3D1D16-D7D1-4A8C-9D98-A43550F26782}"
EndProject
Global
	GlobalSection(SolutionConfigurationPlatforms) = preSolution
		Debug|x64 = Debug|x64
		Debug|x86 = Debug|x86
		Release|x64 = Release|x64
		Release|x86 = Release|x86
	EndGlobalSection
	GlobalSection(ProjectConfigurationPlatforms) = postSolution
		{2E3D1D16-D7D1-4A8C-9D98-A43550F26782}.Debug|x64.ActiveCfg = Debug|x64
		{2E3D1D16-D7D1-4A8C-9D98-A43550F26782}.Debug|x64.Build.0 = Debug|x64
		{2E3D1D16-D7D1-4A8C-9D98-A43550F26782}.Debug|x86.ActiveCfg = Debug|Win32
		{2E3D1D16-D7D1-4A8C-9D98-A43550F26782}.Debug|x86.Build.0 = Debug|Win32
		{2E3D1D16-D7D1-4A8C-9D98-A43550F26782}.Release|x64.ActiveCfg = Release|x64
		{2E3D1D16-D7D1-4A8C-9D98-A43550F26782}.Release|x64.Build.0 = Release|x64
		{2E3D1D16-D7D1-4A8C-9D98-A43550F26782}.Release|x86.ActiveCfg = Release|Win32
		{2E3D1D16-D7D1-4A8C-9D98-A43550F26782}.Release|x86.Build.0 = Release|Win32
	EndGlobalSection
	GlobalSection(SolutionProperties) = preSolution
		HideSolutionNode = FALSE
	EndGlobalSection
	GlobalSection(ExtensibilityGlobals) = postSolution
		SolutionGuid = {A254B1A5-1B8C-4328-98C2-B31AACA6C392}
	EndGlobalSection
EndGlobal
